
Microsoft Visual Studio Solution File, Format Version 12.00
# Visual Studio Version 16
VisualStudioVersion = 16.0.32630.194
MinimumVisualStudioVersion = 10.0.40219.1
Project("{FAE04EC0-301F-11D3-BF4B-00C04F79EFBC}") = "ejercicio6", "ejercicio6.csproj", "{19456461-F747-4628-AD86-BE3A11DC72D2}"
EndProject
Global
	GlobalSection(SolutionConfigurationPlatforms) = preSolution
		Debug|Any CPU = Debug|Any CPU
		Release|Any CPU = Release|Any CPU
	EndGlobalSection
	GlobalSection(ProjectConfigurationPlatforms) = postSolution
		{19456461-F747-4628-AD86-BE3A11DC72D2}.Debug|Any CPU.ActiveCfg = Debug|Any CPU
		{19456461-F747-4628-AD86-BE3A11DC72D2}.Debug|Any CPU.Build.0 = Debug|Any CPU
		{19456461-F747-4628-AD86-BE3A11DC72D2}.Release|Any CPU.ActiveCfg = Release|Any CPU
		{19456461-F747-4628-AD86-BE3A11DC72D2}.Release|Any CPU.Build.0 = Release|Any CPU
	EndGlobalSection
	GlobalSection(SolutionProperties) = preSolution
		HideSolutionNode = FALSE
	EndGlobalSection
	GlobalSection(ExtensibilityGlobals) = postSolution
		SolutionGuid = {FD34E6BF-9C17-49CF-A1E1-E2F8184B1D98}
	EndGlobalSection
EndGlobal
